{
  "name": "flowgate-sdk",
  "version": "1.0.5",
  "lockfileVersion": 3,
  "requires": true,
  "packages": {
    "": {
      "name": "flowgate-sdk",
      "version": "1.0.5",
      "license": "ISC",
      "dependencies": {
        "@types/bn.js": "^5.1.5",
        "bn.js": "^5.2.1"
      }
    },
    "node_modules/@types/bn.js": {
      "version": "5.1.5",
      "resolved": "https://registry.npmjs.org/@types/bn.js/-/bn.js-5.1.5.tgz",
      "integrity": "sha512-V46N0zwKRF5Q00AZ6hWtN0T8gGmDUaUzLWQvHFo5yThtVwK/VCenFY3wXVbOvNfajEpsTfQM4IN9k/d6gUVX3A==",
      "dependencies": {
        "@types/node": "*"
      }
    },
    "node_modules/@types/node": {
      "version": "20.12.5",
      "resolved": "https://registry.npmjs.org/@types/node/-/node-20.12.5.tgz",
      "integrity": "sha512-BD+BjQ9LS/D8ST9p5uqBxghlN+S42iuNxjsUGjeZobe/ciXzk2qb1B6IXc6AnRLS+yFJRpN2IPEHMzwspfDJNw==",
      "dependencies": {
        "undici-types": "~5.26.4"
      }
    },
    "node_modules/bn.js": {
      "version": "5.2.1",
      "resolved": "https://registry.npmjs.org/bn.js/-/bn.js-5.2.1.tgz",
      "integrity": "sha512-eXRvHzWyYPBuB4NBy0cmYQjGitUrtqwbvlzP3G6VFnNRbsZQIxQ10PbKKHt8gZ/HW/D/747aDl+QkDqg3KQLMQ=="
    },
    "node_modules/undici-types": {
      "version": "5.26.5",
      "resolved": "https://registry.npmjs.org/undici-types/-/undici-types-5.26.5.tgz",
      "integrity": "sha512-JlCMO+ehdEIKqlFxk6IfVoAUVmgz7cU7zD/h9XZ0qzeosSHmUJVOzSQvvYSYWXkFXC+IfLKSIffhv0sVZup6pA=="
    }
  }
}
